
Microsoft Visual Studio Solution File, Format Version 12.00
# Visual Studio 15
VisualStudioVersion = 15.0.28010.2036
MinimumVisualStudioVersion = 10.0.40219.1
Project("{FAE04EC0-301F-11D3-BF4B-00C04F79EFBC}") = "OurEdu", "OurEdu\OurEdu.csproj", "{11C6C570-B4FC-439A-A27D-36648FD8318F}"
EndProject
Global
	GlobalSection(SolutionConfigurationPlatforms) = preSolution
		Debug|Any CPU = Debug|Any CPU
		Release|Any CPU = Release|Any CPU
	EndGlobalSection
	GlobalSection(ProjectConfigurationPlatforms) = postSolution
		{11C6C570-B4FC-439A-A27D-36648FD8318F}.Debug|Any CPU.ActiveCfg = Debug|Any CPU
		{11C6C570-B4FC-439A-A27D-36648FD8318F}.Debug|Any CPU.Build.0 = Debug|Any CPU
		{11C6C570-B4FC-439A-A27D-36648FD8318F}.Release|Any CPU.ActiveCfg = Release|Any CPU
		{11C6C570-B4FC-439A-A27D-36648FD8318F}.Release|Any CPU.Build.0 = Release|Any CPU
	EndGlobalSection
	GlobalSection(SolutionProperties) = preSolution
		HideSolutionNode = FALSE
	EndGlobalSection
	GlobalSection(ExtensibilityGlobals) = postSolution
		SolutionGuid = {A6810B23-45E1-489B-99A7-5C2030ED70CA}
	EndGlobalSection
EndGlobal
